// !$*UTF8*$!
{
	archiveVersion = 1;
	classes = {
	};
	objectVersion = 48;
	objects = {

/* Begin PBXBuildFile section */
		A75CAA222021702100DDF94F /* AppDelegate.swift in Sources */ = {isa = PBXBuildFile; fileRef = A75CAA212021702100DDF94F /* AppDelegate.swift */; };
		A75CAA242021702100DDF94F /* ViewController.swift in Sources */ = {isa = PBXBuildFile; fileRef = A75CAA232021702100DDF94F /* ViewController.swift */; };
		A75CAA272021702100DDF94F /* Main.storyboard in Resources */ = {isa = PBXBuildFile; fileRef = A75CAA252021702100DDF94F /* Main.storyboard */; };
		A75CAA292021702100DDF94F /* Assets.xcassets in Resources */ = {isa = PBXBuildFile; fileRef = A75CAA282021702100DDF94F /* Assets.xcassets */; };
		A75CAA2C2021702100DDF94F /* LaunchScreen.storyboard in Resources */ = {isa = PBXBuildFile; fileRef = A75CAA2A2021702100DDF94F /* LaunchScreen.storyboard */; };
		A78D50092024120800FB4739 /* libTestStaticLib.a in Frameworks */ = {isa = PBXBuildFile; fileRef = A7BE544D2021C07E008FE192 /* libTestStaticLib.a */; };
		A78D5058202439D500FB4739 /* TestFrameworkObjectiveC.framework in Embed Frameworks */ = {isa = PBXBuildFile; fileRef = A78D5054202439A300FB4739 /* TestFrameworkObjectiveC.framework */; settings = {ATTRIBUTES = (CodeSignOnCopy, RemoveHeadersOnCopy, ); }; };
		A78D507320244A3100FB4739 /* libTestStaticLibrary_1.a in Frameworks */ = {isa = PBXBuildFile; fileRef = A78D50712024425600FB4739 /* libTestStaticLibrary_1.a */; };
		A7BE54882021CC74008FE192 /* TestFramework.framework in Embed Frameworks */ = {isa = PBXBuildFile; fileRef = A7BE534D20217B6A008FE192 /* TestFramework.framework */; settings = {ATTRIBUTES = (CodeSignOnCopy, RemoveHeadersOnCopy, ); }; };
/* End PBXBuildFile section */

/* Begin PBXContainerItemProxy section */
		A7BE544C2021C07E008FE192 /* PBXContainerItemProxy */ = {
			isa = PBXContainerItemProxy;
			containerPortal = A7BE54482021C07E008FE192 /* TestStaticLib.xcodeproj */;
			proxyType = 2;
			remoteGlobalIDString = A7BE5374202199E3008FE192;
			remoteInfo = TestStaticLib;
		};
/* End PBXContainerItemProxy section */

/* Begin PBXCopyFilesBuildPhase section */
		A7BE54892021CC74008FE192 /* Embed Frameworks */ = {
			isa = PBXCopyFilesBuildPhase;
			buildActionMask = 2147483647;
			dstPath = "";
			dstSubfolderSpec = 10;
			files = (
				A7BE54882021CC74008FE192 /* TestFramework.framework in Embed Frameworks */,
				A78D5058202439D500FB4739 /* TestFrameworkObjectiveC.framework in Embed Frameworks */,
			);
			name = "Embed Frameworks";
			runOnlyForDeploymentPostprocessing = 0;
		};
/* End PBXCopyFilesBuildPhase section */

/* Begin PBXFileReference section */
		A75CAA1E2021702100DDF94F /* MainProject.app */ = {isa = PBXFileReference; explicitFileType = wrapper.application; includeInIndex = 0; path = MainProject.app; sourceTree = BUILT_PRODUCTS_DIR; };
		A75CAA212021702100DDF94F /* AppDelegate.swift */ = {isa = PBXFileReference; lastKnownFileType = sourcecode.swift; path = AppDelegate.swift; sourceTree = "<group>"; };
		A75CAA232021702100DDF94F /* ViewController.swift */ = {isa = PBXFileReference; lastKnownFileType = sourcecode.swift; path = ViewController.swift; sourceTree = "<group>"; };
		A75CAA262021702100DDF94F /* Base */ = {isa = PBXFileReference; lastKnownFileType = file.storyboard; name = Base; path = Base.lproj/Main.storyboard; sourceTree = "<group>"; };
		A75CAA282021702100DDF94F /* Assets.xcassets */ = {isa = PBXFileReference; lastKnownFileType = folder.assetcatalog; path = Assets.xcassets; sourceTree = "<group>"; };
		A75CAA2B2021702100DDF94F /* Base */ = {isa = PBXFileReference; lastKnownFileType = file.storyboard; name = Base; path = Base.lproj/LaunchScreen.storyboard; sourceTree = "<group>"; };
		A75CAA2D2021702100DDF94F /* Info.plist */ = {isa = PBXFileReference; lastKnownFileType = text.plist.xml; path = Info.plist; sourceTree = "<group>"; };
		A78D5054202439A300FB4739 /* TestFrameworkObjectiveC.framework */ = {isa = PBXFileReference; lastKnownFileType = wrapper.framework; path = TestFrameworkObjectiveC.framework; sourceTree = "<group>"; };
		A78D50702024425600FB4739 /* TestStaticLibrary_1.h */ = {isa = PBXFileReference; fileEncoding = 4; lastKnownFileType = sourcecode.c.h; path = TestStaticLibrary_1.h; sourceTree = "<group>"; };
		A78D50712024425600FB4739 /* libTestStaticLibrary_1.a */ = {isa = PBXFileReference; lastKnownFileType = archive.ar; path = libTestStaticLibrary_1.a; sourceTree = "<group>"; };
		A7BE534D20217B6A008FE192 /* TestFramework.framework */ = {isa = PBXFileReference; lastKnownFileType = wrapper.framework; path = TestFramework.framework; sourceTree = "<group>"; };
		A7BE54482021C07E008FE192 /* TestStaticLib.xcodeproj */ = {isa = PBXFileReference; lastKnownFileType = "wrapper.pb-project"; name = TestStaticLib.xcodeproj; path = ../../TestStaticLib/TestStaticLib.xcodeproj; sourceTree = "<group>"; };
		A7BE54752021C7EC008FE192 /* MainProject-Bridging-Header.h */ = {isa = PBXFileReference; lastKnownFileType = sourcecode.c.h; path = "MainProject-Bridging-Header.h"; sourceTree = "<group>"; };
/* End PBXFileReference section */

/* Begin PBXFrameworksBuildPhase section */
		A75CAA1B2021702100DDF94F /* Frameworks */ = {
			isa = PBXFrameworksBuildPhase;
			buildActionMask = 2147483647;
			files = (
				A78D507320244A3100FB4739 /* libTestStaticLibrary_1.a in Frameworks */,
				A78D50092024120800FB4739 /* libTestStaticLib.a in Frameworks */,
			);
			runOnlyForDeploymentPostprocessing = 0;
		};
/* End PBXFrameworksBuildPhase section */

/* Begin PBXGroup section */
		A75CAA152021702100DDF94F = {
			isa = PBXGroup;
			children = (
				A75CAA6D202170F500DDF94F /* Library */,
				A75CAA202021702100DDF94F /* MainProject */,
				A75CAA1F2021702100DDF94F /* Products */,
				A7BE535420217E3D008FE192 /* Frameworks */,
			);
			sourceTree = "<group>";
		};
		A75CAA1F2021702100DDF94F /* Products */ = {
			isa = PBXGroup;
			children = (
				A75CAA1E2021702100DDF94F /* MainProject.app */,
			);
			name = Products;
			sourceTree = "<group>";
		};
		A75CAA202021702100DDF94F /* MainProject */ = {
			isa = PBXGroup;
			children = (
				A7BE54752021C7EC008FE192 /* MainProject-Bridging-Header.h */,
				A75CAA212021702100DDF94F /* AppDelegate.swift */,
				A75CAA232021702100DDF94F /* ViewController.swift */,
				A75CAA252021702100DDF94F /* Main.storyboard */,
				A75CAA282021702100DDF94F /* Assets.xcassets */,
				A75CAA2A2021702100DDF94F /* LaunchScreen.storyboard */,
				A75CAA2D2021702100DDF94F /* Info.plist */,
			);
			path = MainProject;
			sourceTree = "<group>";
		};
		A75CAA6D202170F500DDF94F /* Library */ = {
			isa = PBXGroup;
			children = (
				A78D506E2024425600FB4739 /* libTestStaticLibrary */,
				A7BE54482021C07E008FE192 /* TestStaticLib.xcodeproj */,
				A7BE534D20217B6A008FE192 /* TestFramework.framework */,
				A78D5054202439A300FB4739 /* TestFrameworkObjectiveC.framework */,
			);
			path = Library;
			sourceTree = "<group>";
		};
		A78D506E2024425600FB4739 /* libTestStaticLibrary */ = {
			isa = PBXGroup;
			children = (
				A78D506F2024425600FB4739 /* Headers */,
				A78D50712024425600FB4739 /* libTestStaticLibrary_1.a */,
			);
			path = libTestStaticLibrary;
			sourceTree = "<group>";
		};
		A78D506F2024425600FB4739 /* Headers */ = {
			isa = PBXGroup;
			children = (
				A78D50702024425600FB4739 /* TestStaticLibrary_1.h */,
			);
			path = Headers;
			sourceTree = "<group>";
		};
		A7BE535420217E3D008FE192 /* Frameworks */ = {
			isa = PBXGroup;
			children = (
			);
			name = Frameworks;
			sourceTree = "<group>";
		};
		A7BE54492021C07E008FE192 /* Products */ = {
			isa = PBXGroup;
			children = (
				A7BE544D2021C07E008FE192 /* libTestStaticLib.a */,
			);
			name = Products;
			sourceTree = "<group>";
		};
/* End PBXGroup section */

/* Begin PBXNativeTarget section */
		A75CAA1D2021702100DDF94F /* MainProject */ = {
			isa = PBXNativeTarget;
			buildConfigurationList = A75CAA302021702100DDF94F /* Build configuration list for PBXNativeTarget "MainProject" */;
			buildPhases = (
				A75CAA1A2021702100DDF94F /* Sources */,
				A75CAA1B2021702100DDF94F /* Frameworks */,
				A75CAA1C2021702100DDF94F /* Resources */,
				A7BE54892021CC74008FE192 /* Embed Frameworks */,
			);
			buildRules = (
			);
			dependencies = (
			);
			name = MainProject;
			productName = MainProject;
			productReference = A75CAA1E2021702100DDF94F /* MainProject.app */;
			productType = "com.apple.product-type.application";
		};
/* End PBXNativeTarget section */

/* Begin PBXProject section */
		A75CAA162021702100DDF94F /* Project object */ = {
			isa = PBXProject;
			attributes = {
				LastSwiftUpdateCheck = 0920;
				LastUpgradeCheck = 0920;
				ORGANIZATIONNAME = Fuji;
				TargetAttributes = {
					A75CAA1D2021702100DDF94F = {
						CreatedOnToolsVersion = 9.2;
						ProvisioningStyle = Automatic;
					};
				};
			};
			buildConfigurationList = A75CAA192021702100DDF94F /* Build configuration list for PBXProject "MainProject" */;
			compatibilityVersion = "Xcode 8.0";
			developmentRegion = en;
			hasScannedForEncodings = 0;
			knownRegions = (
				en,
				Base,
			);
			mainGroup = A75CAA152021702100DDF94F;
			productRefGroup = A75CAA1F2021702100DDF94F /* Products */;
			projectDirPath = "";
			projectReferences = (
				{
					ProductGroup = A7BE54492021C07E008FE192 /* Products */;
					ProjectRef = A7BE54482021C07E008FE192 /* TestStaticLib.xcodeproj */;
				},
			);
			projectRoot = "";
			targets = (
				A75CAA1D2021702100DDF94F /* MainProject */,
			);
		};
/* End PBXProject section */

/* Begin PBXReferenceProxy section */
		A7BE544D2021C07E008FE192 /* libTestStaticLib.a */ = {
			isa = PBXReferenceProxy;
			fileType = archive.ar;
			path = libTestStaticLib.a;
			remoteRef = A7BE544C2021C07E008FE192 /* PBXContainerItemProxy */;
			sourceTree = BUILT_PRODUCTS_DIR;
		};
/* End PBXReferenceProxy section */

/* Begin PBXResourcesBuildPhase section */
		A75CAA1C2021702100DDF94F /* Resources */ = {
			isa = PBXResourcesBuildPhase;
			buildActionMask = 2147483647;
			files = (
				A75CAA2C2021702100DDF94F /* LaunchScreen.storyboard in Resources */,
				A75CAA292021702100DDF94F /* Assets.xcassets in Resources */,
				A75CAA272021702100DDF94F /* Main.storyboard in Resources */,
			);
			runOnlyForDeploymentPostprocessing = 0;
		};
/* End PBXResourcesBuildPhase section */

/* Begin PBXSourcesBuildPhase section */
		A75CAA1A2021702100DDF94F /* Sources */ = {
			isa = PBXSourcesBuildPhase;
			buildActionMask = 2147483647;
			files = (
				A75CAA242021702100DDF94F /* ViewController.swift in Sources */,
				A75CAA222021702100DDF94F /* AppDelegate.swift in Sources */,
			);
			runOnlyForDeploymentPostprocessing = 0;
		};
/* End PBXSourcesBuildPhase section */

/* Begin PBXVariantGroup section */
		A75CAA252021702100DDF94F /* Main.storyboard */ = {
			isa = PBXVariantGroup;
			children = (
				A75CAA262021702100DDF94F /* Base */,
			);
			name = Main.storyboard;
			sourceTree = "<group>";
		};
		A75CAA2A2021702100DDF94F /* LaunchScreen.storyboard */ = {
			isa = PBXVariantGroup;
			children = (
				A75CAA2B2021702100DDF94F /* Base */,
			);
			name = LaunchScreen.storyboard;
			sourceTree = "<group>";
		};
/* End PBXVariantGroup section */

/* Begin XCBuildConfiguration section */
		A75CAA2E2021702100DDF94F /* Debug */ = {
			isa = XCBuildConfiguration;
			buildSettings = {
				ALWAYS_SEARCH_USER_PATHS = NO;
				CLANG_ANALYZER_NONNULL = YES;
				CLANG_ANALYZER_NUMBER_OBJECT_CONVERSION = YES_AGGRESSIVE;
				CLANG_CXX_LANGUAGE_STANDARD = "gnu++14";
				CLANG_CXX_LIBRARY = "libc++";
				CLANG_ENABLE_MODULES = YES;
				CLANG_ENABLE_OBJC_ARC = YES;
				CLANG_WARN_BLOCK_CAPTURE_AUTORELEASING = YES;
				CLANG_WARN_BOOL_CONVERSION = YES;
				CLANG_WARN_COMMA = YES;
				CLANG_WARN_CONSTANT_CONVERSION = YES;
				CLANG_WARN_DIRECT_OBJC_ISA_USAGE = YES_ERROR;
				CLANG_WARN_DOCUMENTATION_COMMENTS = YES;
				CLANG_WARN_EMPTY_BODY = YES;
				CLANG_WARN_ENUM_CONVERSION = YES;
				CLANG_WARN_INFINITE_RECURSION = YES;
				CLANG_WARN_INT_CONVERSION = YES;
				CLANG_WARN_NON_LITERAL_NULL_CONVERSION = YES;
				CLANG_WARN_OBJC_LITERAL_CONVERSION = YES;
				CLANG_WARN_OBJC_ROOT_CLASS = YES_ERROR;
				CLANG_WARN_RANGE_LOOP_ANALYSIS = YES;
				CLANG_WARN_STRICT_PROTOTYPES = YES;
				CLANG_WARN_SUSPICIOUS_MOVE = YES;
				CLANG_WARN_UNGUARDED_AVAILABILITY = YES_AGGRESSIVE;
				CLANG_WARN_UNREACHABLE_CODE = YES;
				CLANG_WARN__DUPLICATE_METHOD_MATCH = YES;
				CODE_SIGN_IDENTITY = "iPhone Developer";
				COPY_PHASE_STRIP = NO;
				DEBUG_INFORMATION_FORMAT = dwarf;
				ENABLE_STRICT_OBJC_MSGSEND = YES;
				ENABLE_TESTABILITY = YES;
				GCC_C_LANGUAGE_STANDARD = gnu11;
				GCC_DYNAMIC_NO_PIC = NO;
				GCC_NO_COMMON_BLOCKS = YES;
				GCC_OPTIMIZATION_LEVEL = 0;
				GCC_PREPROCESSOR_DEFINITIONS = (
					"DEBUG=1",
					"$(inherited)",
				);
				GCC_WARN_64_TO_32_BIT_CONVERSION = YES;
				GCC_WARN_ABOUT_RETURN_TYPE = YES_ERROR;
				GCC_WARN_UNDECLARED_SELECTOR = YES;
				GCC_WARN_UNINITIALIZED_AUTOS = YES_AGGRESSIVE;
				GCC_WARN_UNUSED_FUNCTION = YES;
				GCC_WARN_UNUSED_VARIABLE = YES;
				IPHONEOS_DEPLOYMENT_TARGET = 11.2;
				MTL_ENABLE_DEBUG_INFO = YES;
				ONLY_ACTIVE_ARCH = YES;
				SDKROOT = iphoneos;
				SWIFT_ACTIVE_COMPILATION_CONDITIONS = DEBUG;
				SWIFT_OPTIMIZATION_LEVEL = "-Onone";
			};
			name = Debug;
		};
		A75CAA2F2021702100DDF94F /* Release */ = {
			isa = XCBuildConfiguration;
			buildSettings = {
				ALWAYS_SEARCH_USER_PATHS = NO;
				CLANG_ANALYZER_NONNULL = YES;
				CLANG_ANALYZER_NUMBER_OBJECT_CONVERSION = YES_AGGRESSIVE;
				CLANG_CXX_LANGUAGE_STANDARD = "gnu++14";
				CLANG_CXX_LIBRARY = "libc++";
				CLANG_ENABLE_MODULES = YES;
				CLANG_ENABLE_OBJC_ARC = YES;
				CLANG_WARN_BLOCK_CAPTURE_AUTORELEASING = YES;
				CLANG_WARN_BOOL_CONVERSION = YES;
				CLANG_WARN_COMMA = YES;
				CLANG_WARN_CONSTANT_CONVERSION = YES;
				CLANG_WARN_DIRECT_OBJC_ISA_USAGE = YES_ERROR;
				CLANG_WARN_DOCUMENTATION_COMMENTS = YES;
				CLANG_WARN_EMPTY_BODY = YES;
				CLANG_WARN_ENUM_CONVERSION = YES;
				CLANG_WARN_INFINITE_RECURSION = YES;
				CLANG_WARN_INT_CONVERSION = YES;
				CLANG_WARN_NON_LITERAL_NULL_CONVERSION = YES;
				CLANG_WARN_OBJC_LITERAL_CONVERSION = YES;
				CLANG_WARN_OBJC_ROOT_CLASS = YES_ERROR;
				CLANG_WARN_RANGE_LOOP_ANALYSIS = YES;
				CLANG_WARN_STRICT_PROTOTYPES = YES;
				CLANG_WARN_SUSPICIOUS_MOVE = YES;
				CLANG_WARN_UNGUARDED_AVAILABILITY = YES_AGGRESSIVE;
				CLANG_WARN_UNREACHABLE_CODE = YES;
				CLANG_WARN__DUPLICATE_METHOD_MATCH = YES;
				CODE_SIGN_IDENTITY = "iPhone Developer";
				COPY_PHASE_STRIP = NO;
				DEBUG_INFORMATION_FORMAT = "dwarf-with-dsym";
				ENABLE_NS_ASSERTIONS = NO;
				ENABLE_STRICT_OBJC_MSGSEND = YES;
				GCC_C_LANGUAGE_STANDARD = gnu11;
				GCC_NO_COMMON_BLOCKS = YES;
				GCC_WARN_64_TO_32_BIT_CONVERSION = YES;
				GCC_WARN_ABOUT_RETURN_TYPE = YES_ERROR;
				GCC_WARN_UNDECLARED_SELECTOR = YES;
				GCC_WARN_UNINITIALIZED_AUTOS = YES_AGGRESSIVE;
				GCC_WARN_UNUSED_FUNCTION = YES;
				GCC_WARN_UNUSED_VARIABLE = YES;
				IPHONEOS_DEPLOYMENT_TARGET = 11.2;
				MTL_ENABLE_DEBUG_INFO = NO;
				SDKROOT = iphoneos;
				SWIFT_OPTIMIZATION_LEVEL = "-Owholemodule";
				VALIDATE_PRODUCT = YES;
			};
			name = Release;
		};
		A75CAA312021702100DDF94F /* Debug */ = {
			isa = XCBuildConfiguration;
			buildSettings = {
				ALWAYS_SEARCH_USER_PATHS = NO;
				ASSETCATALOG_COMPILER_APPICON_NAME = AppIcon;
				CODE_SIGN_STYLE = Automatic;
				DEVELOPMENT_TEAM = U62UST9Z6P;
				FRAMEWORK_SEARCH_PATHS = (
					"$(inherited)",
					"$(PROJECT_DIR)/Libs",
					"$(PROJECT_DIR)$(LOCAL_LIBRARY_DIR)",
				);
				HEADER_SEARCH_PATHS = $SOURCE_ROOT/Library/libTestStaticLibrary/Headers;
				INFOPLIST_FILE = MainProject/Info.plist;
				LD_RUNPATH_SEARCH_PATHS = "$(inherited) @executable_path/Frameworks";
				LIBRARY_SEARCH_PATHS = (
					"$(inherited)",
					"$(PROJECT_DIR)/Libs",
					"$(PROJECT_DIR)$(LOCAL_LIBRARY_DIR)/libTestStaticLibrary",
				);
				PRODUCT_BUNDLE_IDENTIFIER = com.tuan.test.MainProject;
				PRODUCT_NAME = "$(TARGET_NAME)";
				SWIFT_OBJC_BRIDGING_HEADER = "MainProject/MainProject-Bridging-Header.h";
				SWIFT_VERSION = 4.0;
				TARGETED_DEVICE_FAMILY = "1,2";
				USER_HEADER_SEARCH_PATHS = $SOURCE_ROOT/Library/;
			};
			name = Debug;
		};
		A75CAA322021702100DDF94F /* Release */ = {
			isa = XCBuildConfiguration;
			buildSettings = {
				ALWAYS_SEARCH_USER_PATHS = NO;
				ASSETCATALOG_COMPILER_APPICON_NAME = AppIcon;
				CODE_SIGN_STYLE = Automatic;
				DEVELOPMENT_TEAM = U62UST9Z6P;
				FRAMEWORK_SEARCH_PATHS = (
					"$(inherited)",
					"$(PROJECT_DIR)/Libs",
					"$(PROJECT_DIR)$(LOCAL_LIBRARY_DIR)",
				);
				HEADER_SEARCH_PATHS = $SOURCE_ROOT/Library/libTestStaticLibrary/Headers;
				INFOPLIST_FILE = MainProject/Info.plist;
				LD_RUNPATH_SEARCH_PATHS = "$(inherited) @executable_path/Frameworks";
				LIBRARY_SEARCH_PATHS = (
					"$(inherited)",
					"$(PROJECT_DIR)/Libs",
					"$(PROJECT_DIR)$(LOCAL_LIBRARY_DIR)/libTestStaticLibrary",
				);
				PRODUCT_BUNDLE_IDENTIFIER = com.tuan.test.MainProject;
				PRODUCT_NAME = "$(TARGET_NAME)";
				SWIFT_VERSION = 4.0;
				TARGETED_DEVICE_FAMILY = "1,2";
				USER_HEADER_SEARCH_PATHS = $SOURCE_ROOT/Library/;
			};
			name = Release;
		};
/* End XCBuildConfiguration section */

/* Begin XCConfigurationList section */
		A75CAA192021702100DDF94F /* Build configuration list for PBXProject "MainProject" */ = {
			isa = XCConfigurationList;
			buildConfigurations = (
				A75CAA2E2021702100DDF94F /* Debug */,
				A75CAA2F2021702100DDF94F /* Release */,
			);
			defaultConfigurationIsVisible = 0;
			defaultConfigurationName = Release;
		};
		A75CAA302021702100DDF94F /* Build configuration list for PBXNativeTarget "MainProject" */ = {
			isa = XCConfigurationList;
			buildConfigurations = (
				A75CAA312021702100DDF94F /* Debug */,
				A75CAA322021702100DDF94F /* Release */,
			);
			defaultConfigurationIsVisible = 0;
			defaultConfigurationName = Release;
		};
/* End XCConfigurationList section */
	};
	rootObject = A75CAA162021702100DDF94F /* Project object */;
}
